// !$*UTF8*$!
{
	archiveVersion = 1;
	classes = {
	};
	objectVersion = 46;
	objects = {

/* Begin PBXBuildFile section */
		98DCBAF41AB35D8A00AC5D8A /* main.m in Sources */ = {isa = PBXBuildFile; fileRef = 98DCBAF31AB35D8A00AC5D8A /* main.m */; };
		98DCBAF71AB35D8A00AC5D8A /* AppDelegate.m in Sources */ = {isa = PBXBuildFile; fileRef = 98DCBAF61AB35D8A00AC5D8A /* AppDelegate.m */; };
		98DCBAFA1AB35D8A00AC5D8A /* studyManagement.xcdatamodeld in Sources */ = {isa = PBXBuildFile; fileRef = 98DCBAF81AB35D8A00AC5D8A /* studyManagement.xcdatamodeld */; };
		98DCBB001AB35D8A00AC5D8A /* Main.storyboard in Resources */ = {isa = PBXBuildFile; fileRef = 98DCBAFE1AB35D8A00AC5D8A /* Main.storyboard */; };
		98DCBB021AB35D8A00AC5D8A /* Images.xcassets in Resources */ = {isa = PBXBuildFile; fileRef = 98DCBB011AB35D8A00AC5D8A /* Images.xcassets */; };
		98DCBB111AB35D8B00AC5D8A /* studyManagementTests.m in Sources */ = {isa = PBXBuildFile; fileRef = 98DCBB101AB35D8B00AC5D8A /* studyManagementTests.m */; };
		98F13A6B1AB36CDE00430BFB /* ContainerViewController.m in Sources */ = {isa = PBXBuildFile; fileRef = 98F13A6A1AB36CDE00430BFB /* ContainerViewController.m */; };
		98F13A6E1AB36CEF00430BFB /* HomeViewController.m in Sources */ = {isa = PBXBuildFile; fileRef = 98F13A6D1AB36CEF00430BFB /* HomeViewController.m */; };
		98F13A711AB36D0800430BFB /* SideViewController.m in Sources */ = {isa = PBXBuildFile; fileRef = 98F13A701AB36D0800430BFB /* SideViewController.m */; };
		98F13A741AB3B8D900430BFB /* HomeTabViewController.m in Sources */ = {isa = PBXBuildFile; fileRef = 98F13A731AB3B8D900430BFB /* HomeTabViewController.m */; };
		98F13A7B1AB3C7DE00430BFB /* LogInSignUp.m in Sources */ = {isa = PBXBuildFile; fileRef = 98F13A7A1AB3C7DE00430BFB /* LogInSignUp.m */; };
		98F13A7F1AB3C83200430BFB /* WebServiceHit.m in Sources */ = {isa = PBXBuildFile; fileRef = 98F13A7E1AB3C83200430BFB /* WebServiceHit.m */; };
		98F13AC21AB4093E00430BFB /* QuartzCore.framework in Frameworks */ = {isa = PBXBuildFile; fileRef = 98F13AC11AB4093E00430BFB /* QuartzCore.framework */; };
		98F13ACC1AB417FB00430BFB /* ShowStudentTableViewController.m in Sources */ = {isa = PBXBuildFile; fileRef = 98F13ACB1AB417FB00430BFB /* ShowStudentTableViewController.m */; };
		98F13AD11AB43A0200430BFB /* ShowSubjectsTableViewController.m in Sources */ = {isa = PBXBuildFile; fileRef = 98F13AD01AB43A0200430BFB /* ShowSubjectsTableViewController.m */; };
		98F13AD41AB43A2400430BFB /* ShowTeacherTableViewController.m in Sources */ = {isa = PBXBuildFile; fileRef = 98F13AD31AB43A2400430BFB /* ShowTeacherTableViewController.m */; };
		98F13B2A1AB4609C00430BFB /* CoreDataManager.m in Sources */ = {isa = PBXBuildFile; fileRef = 98F13B291AB4609C00430BFB /* CoreDataManager.m */; };
		98F13B451AB461D100430BFB /* ClassTeach.m in Sources */ = {isa = PBXBuildFile; fileRef = 98F13B3C1AB461D100430BFB /* ClassTeach.m */; };
		98F13B461AB461D100430BFB /* Group.m in Sources */ = {isa = PBXBuildFile; fileRef = 98F13B3E1AB461D100430BFB /* Group.m */; };
		98F13B471AB461D100430BFB /* Students.m in Sources */ = {isa = PBXBuildFile; fileRef = 98F13B401AB461D100430BFB /* Students.m */; };
		98F13B481AB461D100430BFB /* Subjects.m in Sources */ = {isa = PBXBuildFile; fileRef = 98F13B421AB461D100430BFB /* Subjects.m */; };
		98F13B491AB461D100430BFB /* Users.m in Sources */ = {isa = PBXBuildFile; fileRef = 98F13B441AB461D100430BFB /* Users.m */; };
		98F13B4F1AB46E4600430BFB /* AddSubjectTableViewController.m in Sources */ = {isa = PBXBuildFile; fileRef = 98F13B4E1AB46E4600430BFB /* AddSubjectTableViewController.m */; };
		98F13B571AB4C75D00430BFB /* RWTableViewController.m in Sources */ = {isa = PBXBuildFile; fileRef = 98F13B521AB4C75D00430BFB /* RWTableViewController.m */; };
		98F13B581AB4C75D00430BFB /* UIAlertView+RWBlock.m in Sources */ = {isa = PBXBuildFile; fileRef = 98F13B541AB4C75D00430BFB /* UIAlertView+RWBlock.m */; };
		98F13B591AB4C75D00430BFB /* UIButton+RWBlock.m in Sources */ = {isa = PBXBuildFile; fileRef = 98F13B561AB4C75D00430BFB /* UIButton+RWBlock.m */; };
		98F13B5E1AB4CFCC00430BFB /* checkmarkOff.png in Resources */ = {isa = PBXBuildFile; fileRef = 98F13B5A1AB4CFCC00430BFB /* checkmarkOff.png */; };
		98F13B5F1AB4CFCC00430BFB /* checkmarkOff@2x.png in Resources */ = {isa = PBXBuildFile; fileRef = 98F13B5B1AB4CFCC00430BFB /* checkmarkOff@2x.png */; };
		98F13B601AB4CFCC00430BFB /* checkmarkOn.png in Resources */ = {isa = PBXBuildFile; fileRef = 98F13B5C1AB4CFCC00430BFB /* checkmarkOn.png */; };
		98F13B611AB4CFCC00430BFB /* checkmarkOn@2x.png in Resources */ = {isa = PBXBuildFile; fileRef = 98F13B5D1AB4CFCC00430BFB /* checkmarkOn@2x.png */; };
		CE13988B1AB464BA001D2E66 /* background.jpg in Resources */ = {isa = PBXBuildFile; fileRef = CE13988A1AB464BA001D2E66 /* background.jpg */; };
		CE13988F1AB466B1001D2E66 /* UpdateProfileViewController.m in Sources */ = {isa = PBXBuildFile; fileRef = CE13988E1AB466B1001D2E66 /* UpdateProfileViewController.m */; };
		CE1398931AB467F0001D2E66 /* iTeachSingleton.m in Sources */ = {isa = PBXBuildFile; fileRef = CE1398921AB467F0001D2E66 /* iTeachSingleton.m */; };
		CE13989E1AB4B5D6001D2E66 /* key63.png in Resources */ = {isa = PBXBuildFile; fileRef = CE13989C1AB4B5D6001D2E66 /* key63.png */; };
		CE13989F1AB4B5D6001D2E66 /* user91.png in Resources */ = {isa = PBXBuildFile; fileRef = CE13989D1AB4B5D6001D2E66 /* user91.png */; };
		CE1398A11AB4BA7E001D2E66 /* multiple25.png in Resources */ = {isa = PBXBuildFile; fileRef = CE1398A01AB4BA7D001D2E66 /* multiple25.png */; };
		CE1398BB1AB4D0D2001D2E66 /* classesHomeCollectionViewController.m in Sources */ = {isa = PBXBuildFile; fileRef = CE1398B11AB4D0D1001D2E66 /* classesHomeCollectionViewController.m */; };
		CE1398BC1AB4D0D2001D2E66 /* DetailClassViewController.m in Sources */ = {isa = PBXBuildFile; fileRef = CE1398B31AB4D0D2001D2E66 /* DetailClassViewController.m */; };
		CE1398BD1AB4D0D2001D2E66 /* addClassViewController.m in Sources */ = {isa = PBXBuildFile; fileRef = CE1398B51AB4D0D2001D2E66 /* addClassViewController.m */; };
		CE1398BE1AB4D0D2001D2E66 /* standardClassesSelectionTableViewController.m in Sources */ = {isa = PBXBuildFile; fileRef = CE1398B71AB4D0D2001D2E66 /* standardClassesSelectionTableViewController.m */; };
		CE1398BF1AB4D0D2001D2E66 /* classesHomeCollectionViewCell.m in Sources */ = {isa = PBXBuildFile; fileRef = CE1398BA1AB4D0D2001D2E66 /* classesHomeCollectionViewCell.m */; };
		CE1398CA1AB4D357001D2E66 /* 1.png in Resources */ = {isa = PBXBuildFile; fileRef = CE1398C11AB4D357001D2E66 /* 1.png */; };
		CE1398CB1AB4D357001D2E66 /* 2.png in Resources */ = {isa = PBXBuildFile; fileRef = CE1398C21AB4D357001D2E66 /* 2.png */; };
		CE1398CC1AB4D357001D2E66 /* 3.png in Resources */ = {isa = PBXBuildFile; fileRef = CE1398C31AB4D357001D2E66 /* 3.png */; };
		CE1398CD1AB4D357001D2E66 /* 4.png in Resources */ = {isa = PBXBuildFile; fileRef = CE1398C41AB4D357001D2E66 /* 4.png */; };
		CE1398CE1AB4D357001D2E66 /* 5.png in Resources */ = {isa = PBXBuildFile; fileRef = CE1398C51AB4D357001D2E66 /* 5.png */; };
		CE1398CF1AB4D357001D2E66 /* 6.png in Resources */ = {isa = PBXBuildFile; fileRef = CE1398C61AB4D357001D2E66 /* 6.png */; };
		CE1398D01AB4D357001D2E66 /* 7.png in Resources */ = {isa = PBXBuildFile; fileRef = CE1398C71AB4D357001D2E66 /* 7.png */; };
		CE1398D11AB4D357001D2E66 /* 8.png in Resources */ = {isa = PBXBuildFile; fileRef = CE1398C81AB4D357001D2E66 /* 8.png */; };
		CE1398D21AB4D357001D2E66 /* 9.png in Resources */ = {isa = PBXBuildFile; fileRef = CE1398C91AB4D357001D2E66 /* 9.png */; };
		CE1398D91AB4D7BF001D2E66 /* ProfileViewTableViewController.m in Sources */ = {isa = PBXBuildFile; fileRef = CE1398D81AB4D7BF001D2E66 /* ProfileViewTableViewController.m */; };
		CE4F8F221AB41AED00F5062D /* Collage.jpg in Resources */ = {isa = PBXBuildFile; fileRef = CE4F8F211AB41AED00F5062D /* Collage.jpg */; };
		CE4F8F281AB42F8D00F5062D /* Utility.m in Sources */ = {isa = PBXBuildFile; fileRef = CE4F8F271AB42F8D00F5062D /* Utility.m */; };
		CE4F8F2E1AB4354E00F5062D /* transparentTeach.png in Resources */ = {isa = PBXBuildFile; fileRef = CE4F8F2D1AB4354E00F5062D /* transparentTeach.png */; };
		CE4F8F371AB4397E00F5062D /* calendar.png in Resources */ = {isa = PBXBuildFile; fileRef = CE4F8F301AB4397E00F5062D /* calendar.png */; };
		CE4F8F381AB4397E00F5062D /* menu.png in Resources */ = {isa = PBXBuildFile; fileRef = CE4F8F311AB4397E00F5062D /* menu.png */; };
		CE4F8F391AB4397E00F5062D /* profile.png in Resources */ = {isa = PBXBuildFile; fileRef = CE4F8F321AB4397E00F5062D /* profile.png */; };
		CE4F8F3A1AB4397E00F5062D /* school.png in Resources */ = {isa = PBXBuildFile; fileRef = CE4F8F331AB4397E00F5062D /* school.png */; };
		CE4F8F3C1AB4397E00F5062D /* students.png in Resources */ = {isa = PBXBuildFile; fileRef = CE4F8F351AB4397E00F5062D /* students.png */; };
		CE4F8F3D1AB4397E00F5062D /* todo.png in Resources */ = {isa = PBXBuildFile; fileRef = CE4F8F361AB4397E00F5062D /* todo.png */; };
		CE4F8F3F1AB439BE00F5062D /* logout.png in Resources */ = {isa = PBXBuildFile; fileRef = CE4F8F3E1AB439BE00F5062D /* logout.png */; };
		CE4F8F411AB43BB900F5062D /* menuLogo.png in Resources */ = {isa = PBXBuildFile; fileRef = CE4F8F401AB43BB900F5062D /* menuLogo.png */; };
		CE4F8F461AB4613100F5062D /* Launch.xib in Resources */ = {isa = PBXBuildFile; fileRef = CE4F8F451AB4613100F5062D /* Launch.xib */; };
		CEE32EC81AB412FA0002AEAB /* LoginViewController.m in Sources */ = {isa = PBXBuildFile; fileRef = CEE32EC71AB412FA0002AEAB /* LoginViewController.m */; };
/* End PBXBuildFile section */

/* Begin PBXContainerItemProxy section */
		98DCBB0B1AB35D8B00AC5D8A /* PBXContainerItemProxy */ = {
			isa = PBXContainerItemProxy;
			containerPortal = 98DCBAE61AB35D8A00AC5D8A /* Project object */;
			proxyType = 1;
			remoteGlobalIDString = 98DCBAED1AB35D8A00AC5D8A;
			remoteInfo = studyManagement;
		};
/* End PBXContainerItemProxy section */

/* Begin PBXFileReference section */
		98DCBAEE1AB35D8A00AC5D8A /* studyManagement.app */ = {isa = PBXFileReference; explicitFileType = wrapper.application; includeInIndex = 0; path = studyManagement.app; sourceTree = BUILT_PRODUCTS_DIR; };
		98DCBAF21AB35D8A00AC5D8A /* Info.plist */ = {isa = PBXFileReference; lastKnownFileType = text.plist.xml; path = Info.plist; sourceTree = "<group>"; };
		98DCBAF31AB35D8A00AC5D8A /* main.m */ = {isa = PBXFileReference; lastKnownFileType = sourcecode.c.objc; path = main.m; sourceTree = "<group>"; };
		98DCBAF51AB35D8A00AC5D8A /* AppDelegate.h */ = {isa = PBXFileReference; lastKnownFileType = sourcecode.c.h; path = AppDelegate.h; sourceTree = "<group>"; };
		98DCBAF61AB35D8A00AC5D8A /* AppDelegate.m */ = {isa = PBXFileReference; lastKnownFileType = sourcecode.c.objc; path = AppDelegate.m; sourceTree = "<group>"; };
		98DCBAF91AB35D8A00AC5D8A /* studyManagement.xcdatamodel */ = {isa = PBXFileReference; lastKnownFileType = wrapper.xcdatamodel; path = studyManagement.xcdatamodel; sourceTree = "<group>"; };
		98DCBAFF1AB35D8A00AC5D8A /* Base */ = {isa = PBXFileReference; lastKnownFileType = file.storyboard; name = Base; path = Base.lproj/Main.storyboard; sourceTree = "<group>"; };
		98DCBB011AB35D8A00AC5D8A /* Images.xcassets */ = {isa = PBXFileReference; lastKnownFileType = folder.assetcatalog; path = Images.xcassets; sourceTree = "<group>"; };
		98DCBB0A1AB35D8B00AC5D8A /* studyManagementTests.xctest */ = {isa = PBXFileReference; explicitFileType = wrapper.cfbundle; includeInIndex = 0; path = studyManagementTests.xctest; sourceTree = BUILT_PRODUCTS_DIR; };
		98DCBB0F1AB35D8B00AC5D8A /* Info.plist */ = {isa = PBXFileReference; lastKnownFileType = text.plist.xml; path = Info.plist; sourceTree = "<group>"; };
		98DCBB101AB35D8B00AC5D8A /* studyManagementTests.m */ = {isa = PBXFileReference; lastKnownFileType = sourcecode.c.objc; path = studyManagementTests.m; sourceTree = "<group>"; };
		98F13A691AB36CDE00430BFB /* ContainerViewController.h */ = {isa = PBXFileReference; fileEncoding = 4; lastKnownFileType = sourcecode.c.h; path = ContainerViewController.h; sourceTree = "<group>"; };
		98F13A6A1AB36CDE00430BFB /* ContainerViewController.m */ = {isa = PBXFileReference; fileEncoding = 4; lastKnownFileType = sourcecode.c.objc; path = ContainerViewController.m; sourceTree = "<group>"; };
		98F13A6C1AB36CEF00430BFB /* HomeViewController.h */ = {isa = PBXFileReference; fileEncoding = 4; lastKnownFileType = sourcecode.c.h; path = HomeViewController.h; sourceTree = "<group>"; };
		98F13A6D1AB36CEF00430BFB /* HomeViewController.m */ = {isa = PBXFileReference; fileEncoding = 4; lastKnownFileType = sourcecode.c.objc; path = HomeViewController.m; sourceTree = "<group>"; };
		98F13A6F1AB36D0800430BFB /* SideViewController.h */ = {isa = PBXFileReference; fileEncoding = 4; lastKnownFileType = sourcecode.c.h; name = SideViewController.h; path = ../HomeViewController/SideViewController.h; sourceTree = "<group>"; };
		98F13A701AB36D0800430BFB /* SideViewController.m */ = {isa = PBXFileReference; fileEncoding = 4; lastKnownFileType = sourcecode.c.objc; name = SideViewController.m; path = ../HomeViewController/SideViewController.m; sourceTree = "<group>"; };
		98F13A721AB3B8D900430BFB /* HomeTabViewController.h */ = {isa = PBXFileReference; fileEncoding = 4; lastKnownFileType = sourcecode.c.h; path = HomeTabViewController.h; sourceTree = "<group>"; };
		98F13A731AB3B8D900430BFB /* HomeTabViewController.m */ = {isa = PBXFileReference; fileEncoding = 4; lastKnownFileType = sourcecode.c.objc; path = HomeTabViewController.m; sourceTree = "<group>"; };
		98F13A761AB3C11700430BFB /* NavProtocol.h */ = {isa = PBXFileReference; lastKnownFileType = sourcecode.c.h; path = NavProtocol.h; sourceTree = "<group>"; };
		98F13A791AB3C7DE00430BFB /* LogInSignUp.h */ = {isa = PBXFileReference; fileEncoding = 4; lastKnownFileType = sourcecode.c.h; path = LogInSignUp.h; sourceTree = "<group>"; };
		98F13A7A1AB3C7DE00430BFB /* LogInSignUp.m */ = {isa = PBXFileReference; fileEncoding = 4; lastKnownFileType = sourcecode.c.objc; path = LogInSignUp.m; sourceTree = "<group>"; };
		98F13A7D1AB3C83200430BFB /* WebServiceHit.h */ = {isa = PBXFileReference; fileEncoding = 4; lastKnownFileType = sourcecode.c.h; path = WebServiceHit.h; sourceTree = "<group>"; };
		98F13A7E1AB3C83200430BFB /* WebServiceHit.m */ = {isa = PBXFileReference; fileEncoding = 4; lastKnownFileType = sourcecode.c.objc; path = WebServiceHit.m; sourceTree = "<group>"; };
		98F13A801AB3CCBE00430BFB /* ServerResponseProtocol.h */ = {isa = PBXFileReference; lastKnownFileType = sourcecode.c.h; path = ServerResponseProtocol.h; sourceTree = "<group>"; };
		98F13AC11AB4093E00430BFB /* QuartzCore.framework */ = {isa = PBXFileReference; lastKnownFileType = wrapper.framework; name = QuartzCore.framework; path = System/Library/Frameworks/QuartzCore.framework; sourceTree = SDKROOT; };
		98F13ACA1AB417FB00430BFB /* ShowStudentTableViewController.h */ = {isa = PBXFileReference; fileEncoding = 4; lastKnownFileType = sourcecode.c.h; path = ShowStudentTableViewController.h; sourceTree = "<group>"; };
		98F13ACB1AB417FB00430BFB /* ShowStudentTableViewController.m */ = {isa = PBXFileReference; fileEncoding = 4; lastKnownFileType = sourcecode.c.objc; path = ShowStudentTableViewController.m; sourceTree = "<group>"; };
		98F13ACF1AB43A0200430BFB /* ShowSubjectsTableViewController.h */ = {isa = PBXFileReference; fileEncoding = 4; lastKnownFileType = sourcecode.c.h; path = ShowSubjectsTableViewController.h; sourceTree = "<group>"; };
		98F13AD01AB43A0200430BFB /* ShowSubjectsTableViewController.m */ = {isa = PBXFileReference; fileEncoding = 4; lastKnownFileType = sourcecode.c.objc; path = ShowSubjectsTableViewController.m; sourceTree = "<group>"; };
		98F13AD21AB43A2400430BFB /* ShowTeacherTableViewController.h */ = {isa = PBXFileReference; fileEncoding = 4; lastKnownFileType = sourcecode.c.h; path = ShowTeacherTableViewController.h; sourceTree = "<group>"; };
		98F13AD31AB43A2400430BFB /* ShowTeacherTableViewController.m */ = {isa = PBXFileReference; fileEncoding = 4; lastKnownFileType = sourcecode.c.objc; path = ShowTeacherTableViewController.m; sourceTree = "<group>"; };
		98F13B281AB4609C00430BFB /* CoreDataManager.h */ = {isa = PBXFileReference; fileEncoding = 4; lastKnownFileType = sourcecode.c.h; path = CoreDataManager.h; sourceTree = "<group>"; };
		98F13B291AB4609C00430BFB /* CoreDataManager.m */ = {isa = PBXFileReference; fileEncoding = 4; lastKnownFileType = sourcecode.c.objc; path = CoreDataManager.m; sourceTree = "<group>"; };
		98F13B3B1AB461D100430BFB /* ClassTeach.h */ = {isa = PBXFileReference; fileEncoding = 4; lastKnownFileType = sourcecode.c.h; path = ClassTeach.h; sourceTree = "<group>"; };
		98F13B3C1AB461D100430BFB /* ClassTeach.m */ = {isa = PBXFileReference; fileEncoding = 4; lastKnownFileType = sourcecode.c.objc; path = ClassTeach.m; sourceTree = "<group>"; };
		98F13B3D1AB461D100430BFB /* Group.h */ = {isa = PBXFileReference; fileEncoding = 4; lastKnownFileType = sourcecode.c.h; path = Group.h; sourceTree = "<group>"; };
		98F13B3E1AB461D100430BFB /* Group.m */ = {isa = PBXFileReference; fileEncoding = 4; lastKnownFileType = sourcecode.c.objc; path = Group.m; sourceTree = "<group>"; };
		98F13B3F1AB461D100430BFB /* Students.h */ = {isa = PBXFileReference; fileEncoding = 4; lastKnownFileType = sourcecode.c.h; path = Students.h; sourceTree = "<group>"; };
		98F13B401AB461D100430BFB /* Students.m */ = {isa = PBXFileReference; fileEncoding = 4; lastKnownFileType = sourcecode.c.objc; path = Students.m; sourceTree = "<group>"; };
		98F13B411AB461D100430BFB /* Subjects.h */ = {isa = PBXFileReference; fileEncoding = 4; lastKnownFileType = sourcecode.c.h; path = Subjects.h; sourceTree = "<group>"; };
		98F13B421AB461D100430BFB /* Subjects.m */ = {isa = PBXFileReference; fileEncoding = 4; lastKnownFileType = sourcecode.c.objc; path = Subjects.m; sourceTree = "<group>"; };
		98F13B431AB461D100430BFB /* Users.h */ = {isa = PBXFileReference; fileEncoding = 4; lastKnownFileType = sourcecode.c.h; path = Users.h; sourceTree = "<group>"; };
		98F13B441AB461D100430BFB /* Users.m */ = {isa = PBXFileReference; fileEncoding = 4; lastKnownFileType = sourcecode.c.objc; path = Users.m; sourceTree = "<group>"; };
		98F13B4D1AB46E4600430BFB /* AddSubjectTableViewController.h */ = {isa = PBXFileReference; fileEncoding = 4; lastKnownFileType = sourcecode.c.h; path = AddSubjectTableViewController.h; sourceTree = "<group>"; };
		98F13B4E1AB46E4600430BFB /* AddSubjectTableViewController.m */ = {isa = PBXFileReference; fileEncoding = 4; lastKnownFileType = sourcecode.c.objc; path = AddSubjectTableViewController.m; sourceTree = "<group>"; };
		98F13B511AB4C75D00430BFB /* RWTableViewController.h */ = {isa = PBXFileReference; fileEncoding = 4; lastKnownFileType = sourcecode.c.h; path = RWTableViewController.h; sourceTree = "<group>"; };
		98F13B521AB4C75D00430BFB /* RWTableViewController.m */ = {isa = PBXFileReference; fileEncoding = 4; lastKnownFileType = sourcecode.c.objc; path = RWTableViewController.m; sourceTree = "<group>"; };
		98F13B531AB4C75D00430BFB /* UIAlertView+RWBlock.h */ = {isa = PBXFileReference; fileEncoding = 4; lastKnownFileType = sourcecode.c.h; path = "UIAlertView+RWBlock.h"; sourceTree = "<group>"; };
		98F13B541AB4C75D00430BFB /* UIAlertView+RWBlock.m */ = {isa = PBXFileReference; fileEncoding = 4; lastKnownFileType = sourcecode.c.objc; path = "UIAlertView+RWBlock.m"; sourceTree = "<group>"; };
		98F13B551AB4C75D00430BFB /* UIButton+RWBlock.h */ = {isa = PBXFileReference; fileEncoding = 4; lastKnownFileType = sourcecode.c.h; path = "UIButton+RWBlock.h"; sourceTree = "<group>"; };
		98F13B561AB4C75D00430BFB /* UIButton+RWBlock.m */ = {isa = PBXFileReference; fileEncoding = 4; lastKnownFileType = sourcecode.c.objc; path = "UIButton+RWBlock.m"; sourceTree = "<group>"; };
		98F13B5A1AB4CFCC00430BFB /* checkmarkOff.png */ = {isa = PBXFileReference; lastKnownFileType = image.png; path = checkmarkOff.png; sourceTree = "<group>"; };
		98F13B5B1AB4CFCC00430BFB /* checkmarkOff@2x.png */ = {isa = PBXFileReference; lastKnownFileType = image.png; path = "checkmarkOff@2x.png"; sourceTree = "<group>"; };
		98F13B5C1AB4CFCC00430BFB /* checkmarkOn.png */ = {isa = PBXFileReference; lastKnownFileType = image.png; path = checkmarkOn.png; sourceTree = "<group>"; };
		98F13B5D1AB4CFCC00430BFB /* checkmarkOn@2x.png */ = {isa = PBXFileReference; lastKnownFileType = image.png; path = "checkmarkOn@2x.png"; sourceTree = "<group>"; };
		CE13988A1AB464BA001D2E66 /* background.jpg */ = {isa = PBXFileReference; lastKnownFileType = image.jpeg; path = background.jpg; sourceTree = "<group>"; };
		CE13988D1AB466B1001D2E66 /* UpdateProfileViewController.h */ = {isa = PBXFileReference; fileEncoding = 4; lastKnownFileType = sourcecode.c.h; path = UpdateProfileViewController.h; sourceTree = "<group>"; };
		CE13988E1AB466B1001D2E66 /* UpdateProfileViewController.m */ = {isa = PBXFileReference; fileEncoding = 4; lastKnownFileType = sourcecode.c.objc; path = UpdateProfileViewController.m; sourceTree = "<group>"; };
		CE1398911AB467F0001D2E66 /* iTeachSingleton.h */ = {isa = PBXFileReference; fileEncoding = 4; lastKnownFileType = sourcecode.c.h; path = iTeachSingleton.h; sourceTree = "<group>"; };
		CE1398921AB467F0001D2E66 /* iTeachSingleton.m */ = {isa = PBXFileReference; fileEncoding = 4; lastKnownFileType = sourcecode.c.objc; path = iTeachSingleton.m; sourceTree = "<group>"; };
		CE13989C1AB4B5D6001D2E66 /* key63.png */ = {isa = PBXFileReference; lastKnownFileType = image.png; name = key63.png; path = loginIcons/key63.png; sourceTree = "<group>"; };
		CE13989D1AB4B5D6001D2E66 /* user91.png */ = {isa = PBXFileReference; lastKnownFileType = image.png; name = user91.png; path = loginIcons/user91.png; sourceTree = "<group>"; };
		CE1398A01AB4BA7D001D2E66 /* multiple25.png */ = {isa = PBXFileReference; lastKnownFileType = image.png; name = multiple25.png; path = loginIcons/multiple25.png; sourceTree = "<group>"; };
		CE1398B11AB4D0D1001D2E66 /* classesHomeCollectionViewController.m */ = {isa = PBXFileReference; fileEncoding = 4; lastKnownFileType = sourcecode.c.objc; name = classesHomeCollectionViewController.m; path = studyManagement/ClassesModule/classesHomeCollectionViewController.m; sourceTree = SOURCE_ROOT; };
		CE1398B21AB4D0D2001D2E66 /* DetailClassViewController.h */ = {isa = PBXFileReference; fileEncoding = 4; lastKnownFileType = sourcecode.c.h; name = DetailClassViewController.h; path = studyManagement/ClassesModule/DetailClassViewController.h; sourceTree = SOURCE_ROOT; };
		CE1398B31AB4D0D2001D2E66 /* DetailClassViewController.m */ = {isa = PBXFileReference; fileEncoding = 4; lastKnownFileType = sourcecode.c.objc; name = DetailClassViewController.m; path = studyManagement/ClassesModule/DetailClassViewController.m; sourceTree = SOURCE_ROOT; };
		CE1398B41AB4D0D2001D2E66 /* addClassViewController.h */ = {isa = PBXFileReference; fileEncoding = 4; lastKnownFileType = sourcecode.c.h; name = addClassViewController.h; path = studyManagement/ClassesModule/addClassViewController.h; sourceTree = SOURCE_ROOT; };
		CE1398B51AB4D0D2001D2E66 /* addClassViewController.m */ = {isa = PBXFileReference; fileEncoding = 4; lastKnownFileType = sourcecode.c.objc; name = addClassViewController.m; path = studyManagement/ClassesModule/addClassViewController.m; sourceTree = SOURCE_ROOT; };
		CE1398B61AB4D0D2001D2E66 /* classesHomeCollectionViewController.h */ = {isa = PBXFileReference; fileEncoding = 4; lastKnownFileType = sourcecode.c.h; name = classesHomeCollectionViewController.h; path = studyManagement/ClassesModule/classesHomeCollectionViewController.h; sourceTree = SOURCE_ROOT; };
		CE1398B71AB4D0D2001D2E66 /* standardClassesSelectionTableViewController.m */ = {isa = PBXFileReference; fileEncoding = 4; lastKnownFileType = sourcecode.c.objc; name = standardClassesSelectionTableViewController.m; path = studyManagement/ClassesModule/standardClassesSelectionTableViewController.m; sourceTree = SOURCE_ROOT; };
		CE1398B81AB4D0D2001D2E66 /* classesHomeCollectionViewCell.h */ = {isa = PBXFileReference; fileEncoding = 4; lastKnownFileType = sourcecode.c.h; name = classesHomeCollectionViewCell.h; path = studyManagement/ClassesModule/classesHomeCollectionViewCell.h; sourceTree = SOURCE_ROOT; };
		CE1398B91AB4D0D2001D2E66 /* standardClassesSelectionTableViewController.h */ = {isa = PBXFileReference; fileEncoding = 4; lastKnownFileType = sourcecode.c.h; name = standardClassesSelectionTableViewController.h; path = studyManagement/ClassesModule/standardClassesSelectionTableViewController.h; sourceTree = SOURCE_ROOT; };
		CE1398BA1AB4D0D2001D2E66 /* classesHomeCollectionViewCell.m */ = {isa = PBXFileReference; fileEncoding = 4; lastKnownFileType = sourcecode.c.objc; name = classesHomeCollectionViewCell.m; path = studyManagement/ClassesModule/classesHomeCollectionViewCell.m; sourceTree = SOURCE_ROOT; };
		CE1398C11AB4D357001D2E66 /* 1.png */ = {isa = PBXFileReference; lastKnownFileType = image.png; name = 1.png; path = numberIcons/1.png; sourceTree = "<group>"; };
		CE1398C21AB4D357001D2E66 /* 2.png */ = {isa = PBXFileReference; lastKnownFileType = image.png; name = 2.png; path = numberIcons/2.png; sourceTree = "<group>"; };
		CE1398C31AB4D357001D2E66 /* 3.png */ = {isa = PBXFileReference; lastKnownFileType = image.png; name = 3.png; path = numberIcons/3.png; sourceTree = "<group>"; };
		CE1398C41AB4D357001D2E66 /* 4.png */ = {isa = PBXFileReference; lastKnownFileType = image.png; name = 4.png; path = numberIcons/4.png; sourceTree = "<group>"; };
		CE1398C51AB4D357001D2E66 /* 5.png */ = {isa = PBXFileReference; lastKnownFileType = image.png; name = 5.png; path = numberIcons/5.png; sourceTree = "<group>"; };
		CE1398C61AB4D357001D2E66 /* 6.png */ = {isa = PBXFileReference; lastKnownFileType = image.png; name = 6.png; path = numberIcons/6.png; sourceTree = "<group>"; };
		CE1398C71AB4D357001D2E66 /* 7.png */ = {isa = PBXFileReference; lastKnownFileType = image.png; name = 7.png; path = numberIcons/7.png; sourceTree = "<group>"; };
		CE1398C81AB4D357001D2E66 /* 8.png */ = {isa = PBXFileReference; lastKnownFileType = image.png; name = 8.png; path = numberIcons/8.png; sourceTree = "<group>"; };
		CE1398C91AB4D357001D2E66 /* 9.png */ = {isa = PBXFileReference; lastKnownFileType = image.png; name = 9.png; path = numberIcons/9.png; sourceTree = "<group>"; };
		CE1398D71AB4D7BF001D2E66 /* ProfileViewTableViewController.h */ = {isa = PBXFileReference; fileEncoding = 4; lastKnownFileType = sourcecode.c.h; path = ProfileViewTableViewController.h; sourceTree = "<group>"; };
		CE1398D81AB4D7BF001D2E66 /* ProfileViewTableViewController.m */ = {isa = PBXFileReference; fileEncoding = 4; lastKnownFileType = sourcecode.c.objc; path = ProfileViewTableViewController.m; sourceTree = "<group>"; };
		CE4F8F211AB41AED00F5062D /* Collage.jpg */ = {isa = PBXFileReference; lastKnownFileType = image.jpeg; path = Collage.jpg; sourceTree = "<group>"; };
		CE4F8F261AB42F8D00F5062D /* Utility.h */ = {isa = PBXFileReference; fileEncoding = 4; lastKnownFileType = sourcecode.c.h; path = Utility.h; sourceTree = "<group>"; };
		CE4F8F271AB42F8D00F5062D /* Utility.m */ = {isa = PBXFileReference; fileEncoding = 4; lastKnownFileType = sourcecode.c.objc; path = Utility.m; sourceTree = "<group>"; };
		CE4F8F291AB4307000F5062D /* AppConstants.h */ = {isa = PBXFileReference; fileEncoding = 4; lastKnownFileType = sourcecode.c.h; path = AppConstants.h; sourceTree = "<group>"; };
		CE4F8F2A1AB430BF00F5062D /* PrefixHeader.pch */ = {isa = PBXFileReference; fileEncoding = 4; lastKnownFileType = sourcecode.c.h; path = PrefixHeader.pch; sourceTree = "<group>"; };
		CE4F8F2D1AB4354E00F5062D /* transparentTeach.png */ = {isa = PBXFileReference; lastKnownFileType = image.png; path = transparentTeach.png; sourceTree = "<group>"; };
		CE4F8F301AB4397E00F5062D /* calendar.png */ = {isa = PBXFileReference; lastKnownFileType = image.png; path = calendar.png; sourceTree = "<group>"; };
		CE4F8F311AB4397E00F5062D /* menu.png */ = {isa = PBXFileReference; lastKnownFileType = image.png; path = menu.png; sourceTree = "<group>"; };
		CE4F8F321AB4397E00F5062D /* profile.png */ = {isa = PBXFileReference; lastKnownFileType = image.png; path = profile.png; sourceTree = "<group>"; };
		CE4F8F331AB4397E00F5062D /* school.png */ = {isa = PBXFileReference; lastKnownFileType = image.png; path = school.png; sourceTree = "<group>"; };
		CE4F8F351AB4397E00F5062D /* students.png */ = {isa = PBXFileReference; lastKnownFileType = image.png; path = students.png; sourceTree = "<group>"; };
		CE4F8F361AB4397E00F5062D /* todo.png */ = {isa = PBXFileReference; lastKnownFileType = image.png; path = todo.png; sourceTree = "<group>"; };
		CE4F8F3E1AB439BE00F5062D /* logout.png */ = {isa = PBXFileReference; lastKnownFileType = image.png; path = logout.png; sourceTree = "<group>"; };
		CE4F8F401AB43BB900F5062D /* menuLogo.png */ = {isa = PBXFileReference; lastKnownFileType = image.png; path = menuLogo.png; sourceTree = "<group>"; };
		CE4F8F451AB4613100F5062D /* Launch.xib */ = {isa = PBXFileReference; fileEncoding = 4; lastKnownFileType = file.xib; path = Launch.xib; sourceTree = "<group>"; };
		CEE32EC61AB412FA0002AEAB /* LoginViewController.h */ = {isa = PBXFileReference; fileEncoding = 4; lastKnownFileType = sourcecode.c.h; path = LoginViewController.h; sourceTree = "<group>"; };
		CEE32EC71AB412FA0002AEAB /* LoginViewController.m */ = {isa = PBXFileReference; fileEncoding = 4; lastKnownFileType = sourcecode.c.objc; path = LoginViewController.m; sourceTree = "<group>"; };
/* End PBXFileReference section */

/* Begin PBXFrameworksBuildPhase section */
		98DCBAEB1AB35D8A00AC5D8A /* Frameworks */ = {
			isa = PBXFrameworksBuildPhase;
			buildActionMask = 2147483647;
			files = (
				98F13AC21AB4093E00430BFB /* QuartzCore.framework in Frameworks */,
			);
			runOnlyForDeploymentPostprocessing = 0;
		};
		98DCBB071AB35D8B00AC5D8A /* Frameworks */ = {
			isa = PBXFrameworksBuildPhase;
			buildActionMask = 2147483647;
			files = (
			);
			runOnlyForDeploymentPostprocessing = 0;
		};
/* End PBXFrameworksBuildPhase section */

/* Begin PBXGroup section */
		98DCBAE51AB35D8A00AC5D8A = {
			isa = PBXGroup;
			children = (
				98F13AC11AB4093E00430BFB /* QuartzCore.framework */,
				98DCBAF01AB35D8A00AC5D8A /* studyManagement */,
				98DCBB0D1AB35D8B00AC5D8A /* studyManagementTests */,
				98DCBAEF1AB35D8A00AC5D8A /* Products */,
			);
			sourceTree = "<group>";
		};
		98DCBAEF1AB35D8A00AC5D8A /* Products */ = {
			isa = PBXGroup;
			children = (
				98DCBAEE1AB35D8A00AC5D8A /* studyManagement.app */,
				98DCBB0A1AB35D8B00AC5D8A /* studyManagementTests.xctest */,
			);
			name = Products;
			sourceTree = "<group>";
		};
		98DCBAF01AB35D8A00AC5D8A /* studyManagement */ = {
			isa = PBXGroup;
			children = (
				CE1398901AB466C4001D2E66 /* Common */,
				98F13B501AB4C75D00430BFB /* ToDo */,
				98F13AD81AB45BB600430BFB /* DataModel */,
				98F13ACD1AB439C300430BFB /* SubjectModule */,
				98F13ACE1AB439C300430BFB /* TeacherModule */,
				CE4F8F251AB42D5B00F5062D /* Utility */,
				CE4F8F201AB41AED00F5062D /* Images */,
				CEE32EC41AB4129E0002AEAB /* Controllers */,
				98F13AC91AB417A500430BFB /* StudentModule */,
				98F13ABA1AB3FDE700430BFB /* ClassesModule */,
				98F13A771AB3C7BD00430BFB /* BusinessLogic */,
				98F13A751AB3C0F700430BFB /* Protocols */,
				CE1398961AB48DBF001D2E66 /* View */,
				98DCBB011AB35D8A00AC5D8A /* Images.xcassets */,
				98DCBAF81AB35D8A00AC5D8A /* studyManagement.xcdatamodeld */,
				98DCBAF11AB35D8A00AC5D8A /* Supporting Files */,
			);
			path = studyManagement;
			sourceTree = "<group>";
		};
		98DCBAF11AB35D8A00AC5D8A /* Supporting Files */ = {
			isa = PBXGroup;
			children = (
				98DCBAF21AB35D8A00AC5D8A /* Info.plist */,
				CE4F8F291AB4307000F5062D /* AppConstants.h */,
				CE4F8F2A1AB430BF00F5062D /* PrefixHeader.pch */,
				98DCBAF31AB35D8A00AC5D8A /* main.m */,
			);
			name = "Supporting Files";
			sourceTree = "<group>";
		};
		98DCBB0D1AB35D8B00AC5D8A /* studyManagementTests */ = {
			isa = PBXGroup;
			children = (
				98DCBB101AB35D8B00AC5D8A /* studyManagementTests.m */,
				98DCBB0E1AB35D8B00AC5D8A /* Supporting Files */,
			);
			path = studyManagementTests;
			sourceTree = "<group>";
		};
		98DCBB0E1AB35D8B00AC5D8A /* Supporting Files */ = {
			isa = PBXGroup;
			children = (
				98DCBB0F1AB35D8B00AC5D8A /* Info.plist */,
			);
			name = "Supporting Files";
			sourceTree = "<group>";
		};
		98F13A681AB36CC100430BFB /* HomeViewController */ = {
			isa = PBXGroup;
			children = (
				98F13A691AB36CDE00430BFB /* ContainerViewController.h */,
				98F13A6A1AB36CDE00430BFB /* ContainerViewController.m */,
				98F13A6C1AB36CEF00430BFB /* HomeViewController.h */,
				98F13A6D1AB36CEF00430BFB /* HomeViewController.m */,
				98F13A721AB3B8D900430BFB /* HomeTabViewController.h */,
				98F13A731AB3B8D900430BFB /* HomeTabViewController.m */,
			);
			name = HomeViewController;
			path = ../HomeViewController;
			sourceTree = "<group>";
		};
		98F13A751AB3C0F700430BFB /* Protocols */ = {
			isa = PBXGroup;
			children = (
				98F13A761AB3C11700430BFB /* NavProtocol.h */,
				98F13A801AB3CCBE00430BFB /* ServerResponseProtocol.h */,
			);
			path = Protocols;
			sourceTree = "<group>";
		};
		98F13A771AB3C7BD00430BFB /* BusinessLogic */ = {
			isa = PBXGroup;
			children = (
				98F13A7C1AB3C82200430BFB /* WebServiceHit */,
				98F13A781AB3C7BD00430BFB /* LogInSignUp */,
			);
			path = BusinessLogic;
			sourceTree = "<group>";
		};
		98F13A781AB3C7BD00430BFB /* LogInSignUp */ = {
			isa = PBXGroup;
			children = (
				98F13A791AB3C7DE00430BFB /* LogInSignUp.h */,
				98F13A7A1AB3C7DE00430BFB /* LogInSignUp.m */,
			);
			path = LogInSignUp;
			sourceTree = "<group>";
		};
		98F13A7C1AB3C82200430BFB /* WebServiceHit */ = {
			isa = PBXGroup;
			children = (
				98F13A7D1AB3C83200430BFB /* WebServiceHit.h */,
				98F13A7E1AB3C83200430BFB /* WebServiceHit.m */,
			);
			path = WebServiceHit;
			sourceTree = "<group>";
		};
		98F13ABA1AB3FDE700430BFB /* ClassesModule */ = {
			isa = PBXGroup;
			children = (
				CE1398B11AB4D0D1001D2E66 /* classesHomeCollectionViewController.m */,
				CE1398B21AB4D0D2001D2E66 /* DetailClassViewController.h */,
				CE1398B31AB4D0D2001D2E66 /* DetailClassViewController.m */,
				CE1398B41AB4D0D2001D2E66 /* addClassViewController.h */,
				CE1398B51AB4D0D2001D2E66 /* addClassViewController.m */,
				CE1398B61AB4D0D2001D2E66 /* classesHomeCollectionViewController.h */,
				CE1398B71AB4D0D2001D2E66 /* standardClassesSelectionTableViewController.m */,
				CE1398B81AB4D0D2001D2E66 /* classesHomeCollectionViewCell.h */,
				CE1398B91AB4D0D2001D2E66 /* standardClassesSelectionTableViewController.h */,
				CE1398BA1AB4D0D2001D2E66 /* classesHomeCollectionViewCell.m */,
			);
			name = ClassesModule;
			path = ../ClassesModule;
			sourceTree = "<group>";
		};
		98F13AC91AB417A500430BFB /* StudentModule */ = {
			isa = PBXGroup;
			children = (
				98F13ACA1AB417FB00430BFB /* ShowStudentTableViewController.h */,
				98F13ACB1AB417FB00430BFB /* ShowStudentTableViewController.m */,
			);
			path = StudentModule;
			sourceTree = "<group>";
		};
		98F13ACD1AB439C300430BFB /* SubjectModule */ = {
			isa = PBXGroup;
			children = (
				98F13ACF1AB43A0200430BFB /* ShowSubjectsTableViewController.h */,
				98F13AD01AB43A0200430BFB /* ShowSubjectsTableViewController.m */,
				98F13B4D1AB46E4600430BFB /* AddSubjectTableViewController.h */,
				98F13B4E1AB46E4600430BFB /* AddSubjectTableViewController.m */,
			);
			path = SubjectModule;
			sourceTree = "<group>";
		};
		98F13ACE1AB439C300430BFB /* TeacherModule */ = {
			isa = PBXGroup;
			children = (
				98F13AD21AB43A2400430BFB /* ShowTeacherTableViewController.h */,
				98F13AD31AB43A2400430BFB /* ShowTeacherTableViewController.m */,
			);
			path = TeacherModule;
			sourceTree = "<group>";
		};
		98F13AD81AB45BB600430BFB /* DataModel */ = {
			isa = PBXGroup;
			children = (
				98F13B3A1AB461D100430BFB /* Models */,
				98F13B271AB4608500430BFB /* CoreDataManager */,
			);
			path = DataModel;
			sourceTree = "<group>";
		};
		98F13B271AB4608500430BFB /* CoreDataManager */ = {
			isa = PBXGroup;
			children = (
				98F13B281AB4609C00430BFB /* CoreDataManager.h */,
				98F13B291AB4609C00430BFB /* CoreDataManager.m */,
			);
			path = CoreDataManager;
			sourceTree = "<group>";
		};
		98F13B3A1AB461D100430BFB /* Models */ = {
			isa = PBXGroup;
			children = (
				98F13B3B1AB461D100430BFB /* ClassTeach.h */,
				98F13B3C1AB461D100430BFB /* ClassTeach.m */,
				98F13B3D1AB461D100430BFB /* Group.h */,
				98F13B3E1AB461D100430BFB /* Group.m */,
				98F13B3F1AB461D100430BFB /* Students.h */,
				98F13B401AB461D100430BFB /* Students.m */,
				98F13B411AB461D100430BFB /* Subjects.h */,
				98F13B421AB461D100430BFB /* Subjects.m */,
				98F13B431AB461D100430BFB /* Users.h */,
				98F13B441AB461D100430BFB /* Users.m */,
			);
			path = Models;
			sourceTree = "<group>";
		};
		98F13B501AB4C75D00430BFB /* ToDo */ = {
			isa = PBXGroup;
			children = (
				98F13B511AB4C75D00430BFB /* RWTableViewController.h */,
				98F13B521AB4C75D00430BFB /* RWTableViewController.m */,
				98F13B531AB4C75D00430BFB /* UIAlertView+RWBlock.h */,
				98F13B541AB4C75D00430BFB /* UIAlertView+RWBlock.m */,
				98F13B551AB4C75D00430BFB /* UIButton+RWBlock.h */,
				98F13B561AB4C75D00430BFB /* UIButton+RWBlock.m */,
			);
			path = ToDo;
			sourceTree = "<group>";
		};
		CE13988C1AB4667A001D2E66 /* UpdateProfile */ = {
			isa = PBXGroup;
			children = (
				CE13988D1AB466B1001D2E66 /* UpdateProfileViewController.h */,
				CE13988E1AB466B1001D2E66 /* UpdateProfileViewController.m */,
			);
			name = UpdateProfile;
			sourceTree = "<group>";
		};
		CE1398901AB466C4001D2E66 /* Common */ = {
			isa = PBXGroup;
			children = (
				CE1398951AB48DAA001D2E66 /* Singleton */,
				CE1398941AB48D9A001D2E66 /* AppDelegate */,
			);
			name = Common;
			sourceTree = "<group>";
		};
		CE1398941AB48D9A001D2E66 /* AppDelegate */ = {
			isa = PBXGroup;
			children = (
				98DCBAF51AB35D8A00AC5D8A /* AppDelegate.h */,
				98DCBAF61AB35D8A00AC5D8A /* AppDelegate.m */,
			);
			name = AppDelegate;
			sourceTree = "<group>";
		};
		CE1398951AB48DAA001D2E66 /* Singleton */ = {
			isa = PBXGroup;
			children = (
				CE1398911AB467F0001D2E66 /* iTeachSingleton.h */,
				CE1398921AB467F0001D2E66 /* iTeachSingleton.m */,
			);
			name = Singleton;
			sourceTree = "<group>";
		};
		CE1398961AB48DBF001D2E66 /* View */ = {
			isa = PBXGroup;
			children = (
				CE4F8F451AB4613100F5062D /* Launch.xib */,
				98DCBAFE1AB35D8A00AC5D8A /* Main.storyboard */,
			);
			name = View;
			sourceTree = "<group>";
		};
		CE1398971AB48DF4001D2E66 /* SideView */ = {
			isa = PBXGroup;
			children = (
				98F13A6F1AB36D0800430BFB /* SideViewController.h */,
				98F13A701AB36D0800430BFB /* SideViewController.m */,
			);
			name = SideView;
			sourceTree = "<group>";
		};
		CE13989B1AB4B4F8001D2E66 /* loginIcons */ = {
			isa = PBXGroup;
			children = (
				CE13989C1AB4B5D6001D2E66 /* key63.png */,
				CE13989D1AB4B5D6001D2E66 /* user91.png */,
				CE1398A01AB4BA7D001D2E66 /* multiple25.png */,
			);
			name = loginIcons;
			sourceTree = "<group>";
		};
		CE1398C01AB4D348001D2E66 /* numbers */ = {
			isa = PBXGroup;
			children = (
				CE1398C11AB4D357001D2E66 /* 1.png */,
				CE1398C21AB4D357001D2E66 /* 2.png */,
				CE1398C31AB4D357001D2E66 /* 3.png */,
				CE1398C41AB4D357001D2E66 /* 4.png */,
				CE1398C51AB4D357001D2E66 /* 5.png */,
				CE1398C61AB4D357001D2E66 /* 6.png */,
				CE1398C71AB4D357001D2E66 /* 7.png */,
				CE1398C81AB4D357001D2E66 /* 8.png */,
				CE1398C91AB4D357001D2E66 /* 9.png */,
			);
			name = numbers;
			sourceTree = "<group>";
		};
		CE1398D31AB4D6FE001D2E66 /* ProfileViewController */ = {
			isa = PBXGroup;
			children = (
				CE1398D71AB4D7BF001D2E66 /* ProfileViewTableViewController.h */,
				CE1398D81AB4D7BF001D2E66 /* ProfileViewTableViewController.m */,
			);
			name = ProfileViewController;
			sourceTree = "<group>";
		};
		CE4F8F201AB41AED00F5062D /* Images */ = {
			isa = PBXGroup;
			children = (
				CE1398C01AB4D348001D2E66 /* numbers */,
				98F13B5A1AB4CFCC00430BFB /* checkmarkOff.png */,
				98F13B5B1AB4CFCC00430BFB /* checkmarkOff@2x.png */,
				98F13B5C1AB4CFCC00430BFB /* checkmarkOn.png */,
				98F13B5D1AB4CFCC00430BFB /* checkmarkOn@2x.png */,
				CE13988A1AB464BA001D2E66 /* background.jpg */,
				CE13989B1AB4B4F8001D2E66 /* loginIcons */,
				CE4F8F2F1AB4397E00F5062D /* menuicons */,
				CE4F8F2D1AB4354E00F5062D /* transparentTeach.png */,
				CE4F8F211AB41AED00F5062D /* Collage.jpg */,
			);
			path = Images;
			sourceTree = "<group>";
		};
		CE4F8F251AB42D5B00F5062D /* Utility */ = {
			isa = PBXGroup;
			children = (
				CE4F8F261AB42F8D00F5062D /* Utility.h */,
				CE4F8F271AB42F8D00F5062D /* Utility.m */,
			);
			name = Utility;
			sourceTree = "<group>";
		};
		CE4F8F2F1AB4397E00F5062D /* menuicons */ = {
			isa = PBXGroup;
			children = (
				CE4F8F401AB43BB900F5062D /* menuLogo.png */,
				CE4F8F3E1AB439BE00F5062D /* logout.png */,
				CE4F8F301AB4397E00F5062D /* calendar.png */,
				CE4F8F311AB4397E00F5062D /* menu.png */,
				CE4F8F321AB4397E00F5062D /* profile.png */,
				CE4F8F331AB4397E00F5062D /* school.png */,
				CE4F8F351AB4397E00F5062D /* students.png */,
				CE4F8F361AB4397E00F5062D /* todo.png */,
			);
			path = menuicons;
			sourceTree = "<group>";
		};
		CEE32EC41AB4129E0002AEAB /* Controllers */ = {
			isa = PBXGroup;
			children = (
				CE1398D31AB4D6FE001D2E66 /* ProfileViewController */,
				CE1398971AB48DF4001D2E66 /* SideView */,
				98F13A681AB36CC100430BFB /* HomeViewController */,
				CE13988C1AB4667A001D2E66 /* UpdateProfile */,
				CEE32EC51AB4129E0002AEAB /* LoginViewController */,
			);
			name = Controllers;
			path = Controller;
			sourceTree = "<group>";
		};
		CEE32EC51AB4129E0002AEAB /* LoginViewController */ = {
			isa = PBXGroup;
			children = (
				CEE32EC61AB412FA0002AEAB /* LoginViewController.h */,
				CEE32EC71AB412FA0002AEAB /* LoginViewController.m */,
			);
			path = LoginViewController;
			sourceTree = "<group>";
		};
/* End PBXGroup section */

/* Begin PBXNativeTarget section */
		98DCBAED1AB35D8A00AC5D8A /* studyManagement */ = {
			isa = PBXNativeTarget;
			buildConfigurationList = 98DCBB141AB35D8B00AC5D8A /* Build configuration list for PBXNativeTarget "studyManagement" */;
			buildPhases = (
				98DCBAEA1AB35D8A00AC5D8A /* Sources */,
				98DCBAEB1AB35D8A00AC5D8A /* Frameworks */,
				98DCBAEC1AB35D8A00AC5D8A /* Resources */,
			);
			buildRules = (
			);
			dependencies = (
			);
			name = studyManagement;
			productName = studyManagement;
			productReference = 98DCBAEE1AB35D8A00AC5D8A /* studyManagement.app */;
			productType = "com.apple.product-type.application";
		};
		98DCBB091AB35D8B00AC5D8A /* studyManagementTests */ = {
			isa = PBXNativeTarget;
			buildConfigurationList = 98DCBB171AB35D8B00AC5D8A /* Build configuration list for PBXNativeTarget "studyManagementTests" */;
			buildPhases = (
				98DCBB061AB35D8B00AC5D8A /* Sources */,
				98DCBB071AB35D8B00AC5D8A /* Frameworks */,
				98DCBB081AB35D8B00AC5D8A /* Resources */,
			);
			buildRules = (
			);
			dependencies = (
				98DCBB0C1AB35D8B00AC5D8A /* PBXTargetDependency */,
			);
			name = studyManagementTests;
			productName = studyManagementTests;
			productReference = 98DCBB0A1AB35D8B00AC5D8A /* studyManagementTests.xctest */;
			productType = "com.apple.product-type.bundle.unit-test";
		};
/* End PBXNativeTarget section */

/* Begin PBXProject section */
		98DCBAE61AB35D8A00AC5D8A /* Project object */ = {
			isa = PBXProject;
			attributes = {
				LastUpgradeCheck = 0620;
				ORGANIZATIONNAME = "Harshdeep  Singh";
				TargetAttributes = {
					98DCBAED1AB35D8A00AC5D8A = {
						CreatedOnToolsVersion = 6.2;
						DevelopmentTeam = FW7F9SP7S7;
					};
					98DCBB091AB35D8B00AC5D8A = {
						CreatedOnToolsVersion = 6.2;
						TestTargetID = 98DCBAED1AB35D8A00AC5D8A;
					};
				};
			};
			buildConfigurationList = 98DCBAE91AB35D8A00AC5D8A /* Build configuration list for PBXProject "studyManagement" */;
			compatibilityVersion = "Xcode 3.2";
			developmentRegion = English;
			hasScannedForEncodings = 0;
			knownRegions = (
				en,
				Base,
			);
			mainGroup = 98DCBAE51AB35D8A00AC5D8A;
			productRefGroup = 98DCBAEF1AB35D8A00AC5D8A /* Products */;
			projectDirPath = "";
			projectRoot = "";
			targets = (
				98DCBAED1AB35D8A00AC5D8A /* studyManagement */,
				98DCBB091AB35D8B00AC5D8A /* studyManagementTests */,
			);
		};
/* End PBXProject section */

/* Begin PBXResourcesBuildPhase section */
		98DCBAEC1AB35D8A00AC5D8A /* Resources */ = {
			isa = PBXResourcesBuildPhase;
			buildActionMask = 2147483647;
			files = (
				98DCBB001AB35D8A00AC5D8A /* Main.storyboard in Resources */,
				98F13B611AB4CFCC00430BFB /* checkmarkOn@2x.png in Resources */,
				98F13B5E1AB4CFCC00430BFB /* checkmarkOff.png in Resources */,
				CE1398D21AB4D357001D2E66 /* 9.png in Resources */,
				CE1398D01AB4D357001D2E66 /* 7.png in Resources */,
				CE1398CF1AB4D357001D2E66 /* 6.png in Resources */,
				CE1398CD1AB4D357001D2E66 /* 4.png in Resources */,
				CE1398CC1AB4D357001D2E66 /* 3.png in Resources */,
				CE4F8F371AB4397E00F5062D /* calendar.png in Resources */,
				CE1398CB1AB4D357001D2E66 /* 2.png in Resources */,
				CE4F8F221AB41AED00F5062D /* Collage.jpg in Resources */,
				CE4F8F2E1AB4354E00F5062D /* transparentTeach.png in Resources */,
				CE4F8F461AB4613100F5062D /* Launch.xib in Resources */,
				CE4F8F3C1AB4397E00F5062D /* students.png in Resources */,
				CE1398CE1AB4D357001D2E66 /* 5.png in Resources */,
				CE13989F1AB4B5D6001D2E66 /* user91.png in Resources */,
				CE1398A11AB4BA7E001D2E66 /* multiple25.png in Resources */,
				CE4F8F3D1AB4397E00F5062D /* todo.png in Resources */,
				CE1398CA1AB4D357001D2E66 /* 1.png in Resources */,
				CE4F8F381AB4397E00F5062D /* menu.png in Resources */,
				CE4F8F3A1AB4397E00F5062D /* school.png in Resources */,
				CE13988B1AB464BA001D2E66 /* background.jpg in Resources */,
				98DCBB021AB35D8A00AC5D8A /* Images.xcassets in Resources */,
				CE4F8F391AB4397E00F5062D /* profile.png in Resources */,
				98F13B5F1AB4CFCC00430BFB /* checkmarkOff@2x.png in Resources */,
				98F13B601AB4CFCC00430BFB /* checkmarkOn.png in Resources */,
				CE4F8F3F1AB439BE00F5062D /* logout.png in Resources */,
				CE13989E1AB4B5D6001D2E66 /* key63.png in Resources */,
				CE1398D11AB4D357001D2E66 /* 8.png in Resources */,
				CE4F8F411AB43BB900F5062D /* menuLogo.png in Resources */,
			);
			runOnlyForDeploymentPostprocessing = 0;
		};
		98DCBB081AB35D8B00AC5D8A /* Resources */ = {
			isa = PBXResourcesBuildPhase;
			buildActionMask = 2147483647;
			files = (
			);
			runOnlyForDeploymentPostprocessing = 0;
		};
/* End PBXResourcesBuildPhase section */

/* Begin PBXSourcesBuildPhase section */
		98DCBAEA1AB35D8A00AC5D8A /* Sources */ = {
			isa = PBXSourcesBuildPhase;
			buildActionMask = 2147483647;
			files = (
				98F13A7B1AB3C7DE00430BFB /* LogInSignUp.m in Sources */,
				98F13B481AB461D100430BFB /* Subjects.m in Sources */,
				CE1398BB1AB4D0D2001D2E66 /* classesHomeCollectionViewController.m in Sources */,
				98DCBAF71AB35D8A00AC5D8A /* AppDelegate.m in Sources */,
				98F13B451AB461D100430BFB /* ClassTeach.m in Sources */,
				98F13B581AB4C75D00430BFB /* UIAlertView+RWBlock.m in Sources */,
				CEE32EC81AB412FA0002AEAB /* LoginViewController.m in Sources */,
				98F13A7F1AB3C83200430BFB /* WebServiceHit.m in Sources */,
				CE4F8F281AB42F8D00F5062D /* Utility.m in Sources */,
				98F13ACC1AB417FB00430BFB /* ShowStudentTableViewController.m in Sources */,
				98F13A741AB3B8D900430BFB /* HomeTabViewController.m in Sources */,
				98F13AD11AB43A0200430BFB /* ShowSubjectsTableViewController.m in Sources */,
				98F13B4F1AB46E4600430BFB /* AddSubjectTableViewController.m in Sources */,
				98DCBAFA1AB35D8A00AC5D8A /* studyManagement.xcdatamodeld in Sources */,
				CE1398931AB467F0001D2E66 /* iTeachSingleton.m in Sources */,
				98F13B491AB461D100430BFB /* Users.m in Sources */,
				98F13B591AB4C75D00430BFB /* UIButton+RWBlock.m in Sources */,
				CE1398BE1AB4D0D2001D2E66 /* standardClassesSelectionTableViewController.m in Sources */,
				98DCBAF41AB35D8A00AC5D8A /* main.m in Sources */,
				98F13A6B1AB36CDE00430BFB /* ContainerViewController.m in Sources */,
				98F13B461AB461D100430BFB /* Group.m in Sources */,
				98F13B2A1AB4609C00430BFB /* CoreDataManager.m in Sources */,
				98F13AD41AB43A2400430BFB /* ShowTeacherTableViewController.m in Sources */,
				CE13988F1AB466B1001D2E66 /* UpdateProfileViewController.m in Sources */,
				98F13B571AB4C75D00430BFB /* RWTableViewController.m in Sources */,
				CE1398BD1AB4D0D2001D2E66 /* addClassViewController.m in Sources */,
				98F13A6E1AB36CEF00430BFB /* HomeViewController.m in Sources */,
				98F13A711AB36D0800430BFB /* SideViewController.m in Sources */,
				CE1398D91AB4D7BF001D2E66 /* ProfileViewTableViewController.m in Sources */,
				CE1398BF1AB4D0D2001D2E66 /* classesHomeCollectionViewCell.m in Sources */,
				CE1398BC1AB4D0D2001D2E66 /* DetailClassViewController.m in Sources */,
				98F13B471AB461D100430BFB /* Students.m in Sources */,
			);
			runOnlyForDeploymentPostprocessing = 0;
		};
		98DCBB061AB35D8B00AC5D8A /* Sources */ = {
			isa = PBXSourcesBuildPhase;
			buildActionMask = 2147483647;
			files = (
				98DCBB111AB35D8B00AC5D8A /* studyManagementTests.m in Sources */,
			);
			runOnlyForDeploymentPostprocessing = 0;
		};
/* End PBXSourcesBuildPhase section */

/* Begin PBXTargetDependency section */
		98DCBB0C1AB35D8B00AC5D8A /* PBXTargetDependency */ = {
			isa = PBXTargetDependency;
			target = 98DCBAED1AB35D8A00AC5D8A /* studyManagement */;
			targetProxy = 98DCBB0B1AB35D8B00AC5D8A /* PBXContainerItemProxy */;
		};
/* End PBXTargetDependency section */

/* Begin PBXVariantGroup section */
		98DCBAFE1AB35D8A00AC5D8A /* Main.storyboard */ = {
			isa = PBXVariantGroup;
			children = (
				98DCBAFF1AB35D8A00AC5D8A /* Base */,
			);
			name = Main.storyboard;
			sourceTree = "<group>";
		};
/* End PBXVariantGroup section */

/* Begin XCBuildConfiguration section */
		98DCBB121AB35D8B00AC5D8A /* Debug */ = {
			isa = XCBuildConfiguration;
			buildSettings = {
				ALWAYS_SEARCH_USER_PATHS = NO;
				CLANG_CXX_LANGUAGE_STANDARD = "gnu++0x";
				CLANG_CXX_LIBRARY = "libc++";
				CLANG_ENABLE_MODULES = YES;
				CLANG_ENABLE_OBJC_ARC = YES;
				CLANG_WARN_BOOL_CONVERSION = YES;
				CLANG_WARN_CONSTANT_CONVERSION = YES;
				CLANG_WARN_DIRECT_OBJC_ISA_USAGE = YES_ERROR;
				CLANG_WARN_EMPTY_BODY = YES;
				CLANG_WARN_ENUM_CONVERSION = YES;
				CLANG_WARN_INT_CONVERSION = YES;
				CLANG_WARN_OBJC_ROOT_CLASS = YES_ERROR;
				CLANG_WARN_UNREACHABLE_CODE = YES;
				CLANG_WARN__DUPLICATE_METHOD_MATCH = YES;
				"CODE_SIGN_IDENTITY[sdk=iphoneos*]" = "iPhone Developer";
				COPY_PHASE_STRIP = NO;
				DEFINES_MODULE = YES;
				ENABLE_STRICT_OBJC_MSGSEND = YES;
				GCC_C_LANGUAGE_STANDARD = gnu99;
				GCC_DYNAMIC_NO_PIC = NO;
				GCC_OPTIMIZATION_LEVEL = 0;
				GCC_PREPROCESSOR_DEFINITIONS = (
					"DEBUG=1",
					"$(inherited)",
				);
				GCC_SYMBOLS_PRIVATE_EXTERN = NO;
				GCC_WARN_64_TO_32_BIT_CONVERSION = YES;
				GCC_WARN_ABOUT_RETURN_TYPE = YES_ERROR;
				GCC_WARN_UNDECLARED_SELECTOR = YES;
				GCC_WARN_UNINITIALIZED_AUTOS = YES_AGGRESSIVE;
				GCC_WARN_UNUSED_FUNCTION = YES;
				GCC_WARN_UNUSED_VARIABLE = YES;
				IPHONEOS_DEPLOYMENT_TARGET = 8.0;
				MTL_ENABLE_DEBUG_INFO = YES;
				ONLY_ACTIVE_ARCH = YES;
				SDKROOT = iphoneos;
				SWIFT_OBJC_BRIDGING_HEADER = "studyManagement-Bridging-Header.h";
			};
			name = Debug;
		};
		98DCBB131AB35D8B00AC5D8A /* Release */ = {
			isa = XCBuildConfiguration;
			buildSettings = {
				ALWAYS_SEARCH_USER_PATHS = NO;
				CLANG_CXX_LANGUAGE_STANDARD = "gnu++0x";
				CLANG_CXX_LIBRARY = "libc++";
				CLANG_ENABLE_MODULES = YES;
				CLANG_ENABLE_OBJC_ARC = YES;
				CLANG_WARN_BOOL_CONVERSION = YES;
				CLANG_WARN_CONSTANT_CONVERSION = YES;
				CLANG_WARN_DIRECT_OBJC_ISA_USAGE = YES_ERROR;
				CLANG_WARN_EMPTY_BODY = YES;
				CLANG_WARN_ENUM_CONVERSION = YES;
				CLANG_WARN_INT_CONVERSION = YES;
				CLANG_WARN_OBJC_ROOT_CLASS = YES_ERROR;
				CLANG_WARN_UNREACHABLE_CODE = YES;
				CLANG_WARN__DUPLICATE_METHOD_MATCH = YES;
				"CODE_SIGN_IDENTITY[sdk=iphoneos*]" = "iPhone Developer";
				COPY_PHASE_STRIP = NO;
				DEFINES_MODULE = YES;
				ENABLE_NS_ASSERTIONS = NO;
				ENABLE_STRICT_OBJC_MSGSEND = YES;
				GCC_C_LANGUAGE_STANDARD = gnu99;
				GCC_WARN_64_TO_32_BIT_CONVERSION = YES;
				GCC_WARN_ABOUT_RETURN_TYPE = YES_ERROR;
				GCC_WARN_UNDECLARED_SELECTOR = YES;
				GCC_WARN_UNINITIALIZED_AUTOS = YES_AGGRESSIVE;
				GCC_WARN_UNUSED_FUNCTION = YES;
				GCC_WARN_UNUSED_VARIABLE = YES;
				IPHONEOS_DEPLOYMENT_TARGET = 8.0;
				MTL_ENABLE_DEBUG_INFO = NO;
				SDKROOT = iphoneos;
				SWIFT_OBJC_BRIDGING_HEADER = "studyManagement-Bridging-Header.h";
				VALIDATE_PRODUCT = YES;
			};
			name = Release;
		};
		98DCBB151AB35D8B00AC5D8A /* Debug */ = {
			isa = XCBuildConfiguration;
			buildSettings = {
				ASSETCATALOG_COMPILER_APPICON_NAME = AppIcon;
				CLANG_ENABLE_MODULES = YES;
				CODE_SIGN_IDENTITY = "iPhone Developer";
				"CODE_SIGN_IDENTITY[sdk=iphoneos*]" = "iPhone Developer";
				DEFINES_MODULE = YES;
				GCC_PRECOMPILE_PREFIX_HEADER = YES;
				GCC_PREFIX_HEADER = studyManagement/PrefixHeader.pch;
				INFOPLIST_FILE = studyManagement/Info.plist;
				IPHONEOS_DEPLOYMENT_TARGET = 8.0;
				LD_RUNPATH_SEARCH_PATHS = "$(inherited) @executable_path/Frameworks";
				PRODUCT_NAME = "$(TARGET_NAME)";
				PROVISIONING_PROFILE = "";
				SWIFT_OBJC_BRIDGING_HEADER = "studyManagement/Controller/studyManagement-Bridging-Header.h";
				SWIFT_OPTIMIZATION_LEVEL = "-Onone";
			};
			name = Debug;
		};
		98DCBB161AB35D8B00AC5D8A /* Release */ = {
			isa = XCBuildConfiguration;
			buildSettings = {
				ASSETCATALOG_COMPILER_APPICON_NAME = AppIcon;
				CLANG_ENABLE_MODULES = YES;
				CODE_SIGN_IDENTITY = "iPhone Developer";
				"CODE_SIGN_IDENTITY[sdk=iphoneos*]" = "iPhone Developer";
				DEFINES_MODULE = YES;
				GCC_PRECOMPILE_PREFIX_HEADER = YES;
				GCC_PREFIX_HEADER = studyManagement/PrefixHeader.pch;
				INFOPLIST_FILE = studyManagement/Info.plist;
				IPHONEOS_DEPLOYMENT_TARGET = 8.0;
				LD_RUNPATH_SEARCH_PATHS = "$(inherited) @executable_path/Frameworks";
				PRODUCT_NAME = "$(TARGET_NAME)";
				PROVISIONING_PROFILE = "";
				SWIFT_OBJC_BRIDGING_HEADER = "studyManagement/Controller/studyManagement-Bridging-Header.h";
			};
			name = Release;
		};
		98DCBB181AB35D8B00AC5D8A /* Debug */ = {
			isa = XCBuildConfiguration;
			buildSettings = {
				BUNDLE_LOADER = "$(TEST_HOST)";
				FRAMEWORK_SEARCH_PATHS = (
					"$(SDKROOT)/Developer/Library/Frameworks",
					"$(inherited)",
				);
				GCC_PREPROCESSOR_DEFINITIONS = (
					"DEBUG=1",
					"$(inherited)",
				);
				INFOPLIST_FILE = studyManagementTests/Info.plist;
				LD_RUNPATH_SEARCH_PATHS = "$(inherited) @executable_path/Frameworks @loader_path/Frameworks";
				PRODUCT_NAME = "$(TARGET_NAME)";
				TEST_HOST = "$(BUILT_PRODUCTS_DIR)/studyManagement.app/studyManagement";
			};
			name = Debug;
		};
		98DCBB191AB35D8B00AC5D8A /* Release */ = {
			isa = XCBuildConfiguration;
			buildSettings = {
				BUNDLE_LOADER = "$(TEST_HOST)";
				FRAMEWORK_SEARCH_PATHS = (
					"$(SDKROOT)/Developer/Library/Frameworks",
					"$(inherited)",
				);
				INFOPLIST_FILE = studyManagementTests/Info.plist;
				LD_RUNPATH_SEARCH_PATHS = "$(inherited) @executable_path/Frameworks @loader_path/Frameworks";
				PRODUCT_NAME = "$(TARGET_NAME)";
				TEST_HOST = "$(BUILT_PRODUCTS_DIR)/studyManagement.app/studyManagement";
			};
			name = Release;
		};
/* End XCBuildConfiguration section */

/* Begin XCConfigurationList section */
		98DCBAE91AB35D8A00AC5D8A /* Build configuration list for PBXProject "studyManagement" */ = {
			isa = XCConfigurationList;
			buildConfigurations = (
				98DCBB121AB35D8B00AC5D8A /* Debug */,
				98DCBB131AB35D8B00AC5D8A /* Release */,
			);
			defaultConfigurationIsVisible = 0;
			defaultConfigurationName = Release;
		};
		98DCBB141AB35D8B00AC5D8A /* Build configuration list for PBXNativeTarget "studyManagement" */ = {
			isa = XCConfigurationList;
			buildConfigurations = (
				98DCBB151AB35D8B00AC5D8A /* Debug */,
				98DCBB161AB35D8B00AC5D8A /* Release */,
			);
			defaultConfigurationIsVisible = 0;
			defaultConfigurationName = Release;
		};
		98DCBB171AB35D8B00AC5D8A /* Build configuration list for PBXNativeTarget "studyManagementTests" */ = {
			isa = XCConfigurationList;
			buildConfigurations = (
				98DCBB181AB35D8B00AC5D8A /* Debug */,
				98DCBB191AB35D8B00AC5D8A /* Release */,
			);
			defaultConfigurationIsVisible = 0;
			defaultConfigurationName = Release;
		};
/* End XCConfigurationList section */

/* Begin XCVersionGroup section */
		98DCBAF81AB35D8A00AC5D8A /* studyManagement.xcdatamodeld */ = {
			isa = XCVersionGroup;
			children = (
				98DCBAF91AB35D8A00AC5D8A /* studyManagement.xcdatamodel */,
			);
			currentVersion = 98DCBAF91AB35D8A00AC5D8A /* studyManagement.xcdatamodel */;
			path = studyManagement.xcdatamodeld;
			sourceTree = "<group>";
			versionGroupType = wrapper.xcdatamodel;
		};
/* End XCVersionGroup section */
	};
	rootObject = 98DCBAE61AB35D8A00AC5D8A /* Project object */;
}
